
Microsoft Visual Studio Solution File, Format Version 12.00
# Visual Studio Version 17
VisualStudioVersion = 17.14.36429.23
MinimumVisualStudioVersion = 10.0.40219.1
Project("{2150E333-8FDC-42A3-9474-1A3956D46DE8}") = "Task0", "Task0", "{02EA681E-C7D8-13C7-8484-4AC65E1B71E8}"
EndProject
Project("{FAE04EC0-301F-11D3-BF4B-00C04F79EFBC}") = "Tyuiu.Muliavin.Sprint0.Task0.V0", "Tyuiu.Muliavin.Sprint0.Task0.V0\Tyuiu.Muliavin.Sprint0.Task0.V0.csproj", "{0B9052DD-55A1-4016-8F34-411B9A692A06}"
EndProject
Project("{2150E333-8FDC-42A3-9474-1A3956D46DE8}") = "Task1", "Task1", "{1FC130D0-28EB-44D3-B318-F257C71B875A}"
EndProject
Project("{FAE04EC0-301F-11D3-BF4B-00C04F79EFBC}") = "Tyuiu.MuliavinIM.Sprint0.Task1.V0", "Tyuiu.Muliavin.Sprint0.Task1.V0\Tyuiu.MuliavinIM.Sprint0.Task1.V0.csproj", "{F49E6161-CE93-4F99-B454-F07262789EFC}"
EndProject
Project("{2150E333-8FDC-42A3-9474-1A3956D46DE8}") = "Task2", "Task2", "{DAA229CA-71D9-4FB6-8FC6-87BB98C83B81}"
EndProject
Project("{FAE04EC0-301F-11D3-BF4B-00C04F79EFBC}") = "Tyuiu.MuliavinIM.Sprint0.Task2.V0", "Tyuiu.MuliavinIM.Sprint0.Task2.V0\Tyuiu.MuliavinIM.Sprint0.Task2.V0.csproj", "{E57F2E23-447F-422B-BBA2-DFFDABCCB459}"
EndProject
Project("{FAE04EC0-301F-11D3-BF4B-00C04F79EFBC}") = "Tyuiu.MuliavinIM.Sprint0.Task2.V0.Lib", "Tyuiu.MuliavinIM.Sprint0.Task2.V0.Lib\Tyuiu.MuliavinIM.Sprint0.Task2.V0.Lib.csproj", "{30594ACF-AD42-4467-A9CB-7C7528E64C60}"
EndProject
Project("{FAE04EC0-301F-11D3-BF4B-00C04F79EFBC}") = "Tyuiu.MuliavinIM.Sprint0.Task2.V0.Test", "Tyuiu.MuliavinIM.Sprint0.Task2.V0.Test\Tyuiu.MuliavinIM.Sprint0.Task2.V0.Test.csproj", "{64496ED8-EF7E-4578-974A-42AE3E4AA07F}"
EndProject
Project("{2150E333-8FDC-42A3-9474-1A3956D46DE8}") = "Task3", "Task3", "{386BF304-F1A5-4FE5-914B-250E1BB1E5D9}"
EndProject
Project("{FAE04EC0-301F-11D3-BF4B-00C04F79EFBC}") = "Tyuiu.MuliavinIM.Sprint0.Task3.V0", "Tyuiu.MuliavinIM.Sprint0.Task3.V0\Tyuiu.MuliavinIM.Sprint0.Task3.V0.csproj", "{A76867E5-BB44-4F27-B71E-B9445B320143}"
EndProject
Project("{FAE04EC0-301F-11D3-BF4B-00C04F79EFBC}") = "Tyuiu.MuliavinIM.Sprint0.Task3.V0.Lib", "Tyuiu.MuliavinIM.Sprint0.Task3.V0.Lib\Tyuiu.MuliavinIM.Sprint0.Task3.V0.Lib.csproj", "{7D706A9B-E34E-4B32-8099-766CCEB90A34}"
EndProject
Project("{FAE04EC0-301F-11D3-BF4B-00C04F79EFBC}") = "Tyuiu.MuliavinIM.Sprint0.Task3.V0.Test", "Tyuiu.MuliavinIM.Sprint0.Task3.V0.Test\Tyuiu.MuliavinIM.Sprint0.Task3.V0.Test.csproj", "{D7943C92-C6A9-48FC-AD1F-19AB6747E6A5}"
EndProject
Project("{2150E333-8FDC-42A3-9474-1A3956D46DE8}") = "Task4", "Task4", "{4F670C88-2373-470E-BA26-2D4AF271221F}"
EndProject
Project("{FAE04EC0-301F-11D3-BF4B-00C04F79EFBC}") = "Tyuiu.MuliavinIM.Sprint0.Task4.V0", "Tyuiu.MuliavinIM.Sprint0.Task4.V0\Tyuiu.MuliavinIM.Sprint0.Task4.V0.csproj", "{50C99A1D-6442-493F-A1D0-54EA5B0FBBF8}"
EndProject
Project("{FAE04EC0-301F-11D3-BF4B-00C04F79EFBC}") = "Tyuiu.MuliavinIM.Sprint0.Task4.V0.Test", "Tyuiu.MuliavinIM.Sprint0.Task4.V0.Test\Tyuiu.MuliavinIM.Sprint0.Task4.V0.Test.csproj", "{AE9241BB-53FC-437A-B0BC-F98F860969D2}"
EndProject
Project("{FAE04EC0-301F-11D3-BF4B-00C04F79EFBC}") = "Tyuiu.MuliavinIM.Sprint0.Task4.V0.Lib", "Tyuiu.MuliavinIM.Sprint0.Task4.V0.Lib\Tyuiu.MuliavinIM.Sprint0.Task4.V0.Lib.csproj", "{3AADC65D-68DA-4217-A550-06959A7A8401}"
EndProject
Project("{2150E333-8FDC-42A3-9474-1A3956D46DE8}") = "Task5", "Task5", "{FF36EEDC-3520-495D-97A1-FACC539B83D0}"
EndProject
Project("{FAE04EC0-301F-11D3-BF4B-00C04F79EFBC}") = "Tyuiu.MuliavinIM.Sprint0.Task5.V0", "Tyuiu.MuliavinIM.Sprint0.Task5.V0\Tyuiu.MuliavinIM.Sprint0.Task5.V0.csproj", "{F3BC4674-AB42-45F0-B2A8-CA88C55127FF}"
EndProject
Project("{FAE04EC0-301F-11D3-BF4B-00C04F79EFBC}") = "Tyuiu.MuliavinIM.Sprint0.Task5.V0.Lib", "Tyuiu.MuliavinIM.Sprint0.Task5.V0.Lib\Tyuiu.MuliavinIM.Sprint0.Task5.V0.Lib.csproj", "{DCE41366-AA3E-46DE-93A5-6FAF904B6410}"
EndProject
Project("{FAE04EC0-301F-11D3-BF4B-00C04F79EFBC}") = "Tyuiu.MuliavinIM.Sprint0.Task5.V0.Test", "Tyuiu.MuliavinIM.Sprint0.Task5.V0.Test\Tyuiu.MuliavinIM.Sprint0.Task5.V0.Test.csproj", "{C30CEB26-2548-4E35-B82C-6265A3209183}"
EndProject
Project("{2150E333-8FDC-42A3-9474-1A3956D46DE8}") = "Task6", "Task6", "{ADA19C36-3C40-4C8E-8335-455CB080D2EE}"
EndProject
Project("{FAE04EC0-301F-11D3-BF4B-00C04F79EFBC}") = "Tyuiu.MuliavinIM.Sprint0.Task6.V0", "Tyuiu.MuliavinIM.Sprint0.Task6.V0\Tyuiu.MuliavinIM.Sprint0.Task6.V0.csproj", "{889D9159-FEC7-46D6-B9D1-387FC3A3C156}"
EndProject
Project("{FAE04EC0-301F-11D3-BF4B-00C04F79EFBC}") = "Tyuiu.MuliavinIM.Sprint0.Task6.V0.Lib", "Tyuiu.MuliavinIM.Sprint0.Task6.V0.Lib\Tyuiu.MuliavinIM.Sprint0.Task6.V0.Lib.csproj", "{CB1046A0-2D68-4E43-9C79-A6280EF66C80}"
EndProject
Project("{FAE04EC0-301F-11D3-BF4B-00C04F79EFBC}") = "Tyuiu.MuliavinIM.Sprint0.Task6.V0.Test", "Tyuiu.MuliavinIM.Sprint0.Task6.V0.Test\Tyuiu.MuliavinIM.Sprint0.Task6.V0.Test.csproj", "{09336B35-4EF7-4B85-AD0B-413CE6DCFEB9}"
EndProject
Project("{2150E333-8FDC-42A3-9474-1A3956D46DE8}") = "Task7", "Task7", "{CF1CD651-578D-44B4-BA85-5A992756B5E9}"
EndProject
Project("{FAE04EC0-301F-11D3-BF4B-00C04F79EFBC}") = "Tyuiu.MuliavinIM.Sprint0.Task7.V0", "Tyuiu.MuliavinIM.Sprint0.Task7.V0\Tyuiu.MuliavinIM.Sprint0.Task7.V0.csproj", "{98F6A1F7-BA20-4131-8C49-3D9C46831246}"
EndProject
Project("{FAE04EC0-301F-11D3-BF4B-00C04F79EFBC}") = "Tyuiu.MuliavinIM.Sprint0.Task7.V0.Test", "Tyuiu.MuliavinIM.Sprint0.Task7.V0.Test\Tyuiu.MuliavinIM.Sprint0.Task7.V0.Test.csproj", "{7D2B251B-B970-41F9-9855-1777BAE1B25B}"
EndProject
Project("{FAE04EC0-301F-11D3-BF4B-00C04F79EFBC}") = "Tyuiu.MuliavinIM.Sprint0.Task7.V0.Lib", "Tyuiu.MuliavinIM.Sprint0.Task7.V0.Lib\Tyuiu.MuliavinIM.Sprint0.Task7.V0.Lib.csproj", "{F025FE31-E99A-415F-8A0B-0CAD0420090E}"
EndProject
Global
	GlobalSection(SolutionConfigurationPlatforms) = preSolution
		Debug|Any CPU = Debug|Any CPU
		Release|Any CPU = Release|Any CPU
	EndGlobalSection
	GlobalSection(ProjectConfigurationPlatforms) = postSolution
		{0B9052DD-55A1-4016-8F34-411B9A692A06}.Debug|Any CPU.ActiveCfg = Debug|Any CPU
		{0B9052DD-55A1-4016-8F34-411B9A692A06}.Debug|Any CPU.Build.0 = Debug|Any CPU
		{0B9052DD-55A1-4016-8F34-411B9A692A06}.Release|Any CPU.ActiveCfg = Release|Any CPU
		{0B9052DD-55A1-4016-8F34-411B9A692A06}.Release|Any CPU.Build.0 = Release|Any CPU
		{F49E6161-CE93-4F99-B454-F07262789EFC}.Debug|Any CPU.ActiveCfg = Debug|Any CPU
		{F49E6161-CE93-4F99-B454-F07262789EFC}.Debug|Any CPU.Build.0 = Debug|Any CPU
		{F49E6161-CE93-4F99-B454-F07262789EFC}.Release|Any CPU.ActiveCfg = Release|Any CPU
		{F49E6161-CE93-4F99-B454-F07262789EFC}.Release|Any CPU.Build.0 = Release|Any CPU
		{E57F2E23-447F-422B-BBA2-DFFDABCCB459}.Debug|Any CPU.ActiveCfg = Debug|Any CPU
		{E57F2E23-447F-422B-BBA2-DFFDABCCB459}.Debug|Any CPU.Build.0 = Debug|Any CPU
		{E57F2E23-447F-422B-BBA2-DFFDABCCB459}.Release|Any CPU.ActiveCfg = Release|Any CPU
		{E57F2E23-447F-422B-BBA2-DFFDABCCB459}.Release|Any CPU.Build.0 = Release|Any CPU
		{30594ACF-AD42-4467-A9CB-7C7528E64C60}.Debug|Any CPU.ActiveCfg = Debug|Any CPU
		{30594ACF-AD42-4467-A9CB-7C7528E64C60}.Debug|Any CPU.Build.0 = Debug|Any CPU
		{30594ACF-AD42-4467-A9CB-7C7528E64C60}.Release|Any CPU.ActiveCfg = Release|Any CPU
		{30594ACF-AD42-4467-A9CB-7C7528E64C60}.Release|Any CPU.Build.0 = Release|Any CPU
		{64496ED8-EF7E-4578-974A-42AE3E4AA07F}.Debug|Any CPU.ActiveCfg = Debug|Any CPU
		{64496ED8-EF7E-4578-974A-42AE3E4AA07F}.Debug|Any CPU.Build.0 = Debug|Any CPU
		{64496ED8-EF7E-4578-974A-42AE3E4AA07F}.Release|Any CPU.ActiveCfg = Release|Any CPU
		{64496ED8-EF7E-4578-974A-42AE3E4AA07F}.Release|Any CPU.Build.0 = Release|Any CPU
		{A76867E5-BB44-4F27-B71E-B9445B320143}.Debug|Any CPU.ActiveCfg = Debug|Any CPU
		{A76867E5-BB44-4F27-B71E-B9445B320143}.Debug|Any CPU.Build.0 = Debug|Any CPU
		{A76867E5-BB44-4F27-B71E-B9445B320143}.Release|Any CPU.ActiveCfg = Release|Any CPU
		{A76867E5-BB44-4F27-B71E-B9445B320143}.Release|Any CPU.Build.0 = Release|Any CPU
		{7D706A9B-E34E-4B32-8099-766CCEB90A34}.Debug|Any CPU.ActiveCfg = Debug|Any CPU
		{7D706A9B-E34E-4B32-8099-766CCEB90A34}.Debug|Any CPU.Build.0 = Debug|Any CPU
		{7D706A9B-E34E-4B32-8099-766CCEB90A34}.Release|Any CPU.ActiveCfg = Release|Any CPU
		{7D706A9B-E34E-4B32-8099-766CCEB90A34}.Release|Any CPU.Build.0 = Release|Any CPU
		{D7943C92-C6A9-48FC-AD1F-19AB6747E6A5}.Debug|Any CPU.ActiveCfg = Debug|Any CPU
		{D7943C92-C6A9-48FC-AD1F-19AB6747E6A5}.Debug|Any CPU.Build.0 = Debug|Any CPU
		{D7943C92-C6A9-48FC-AD1F-19AB6747E6A5}.Release|Any CPU.ActiveCfg = Release|Any CPU
		{D7943C92-C6A9-48FC-AD1F-19AB6747E6A5}.Release|Any CPU.Build.0 = Release|Any CPU
		{50C99A1D-6442-493F-A1D0-54EA5B0FBBF8}.Debug|Any CPU.ActiveCfg = Debug|Any CPU
		{50C99A1D-6442-493F-A1D0-54EA5B0FBBF8}.Debug|Any CPU.Build.0 = Debug|Any CPU
		{50C99A1D-6442-493F-A1D0-54EA5B0FBBF8}.Release|Any CPU.ActiveCfg = Release|Any CPU
		{50C99A1D-6442-493F-A1D0-54EA5B0FBBF8}.Release|Any CPU.Build.0 = Release|Any CPU
		{AE9241BB-53FC-437A-B0BC-F98F860969D2}.Debug|Any CPU.ActiveCfg = Debug|Any CPU
		{AE9241BB-53FC-437A-B0BC-F98F860969D2}.Debug|Any CPU.Build.0 = Debug|Any CPU
		{AE9241BB-53FC-437A-B0BC-F98F860969D2}.Release|Any CPU.ActiveCfg = Release|Any CPU
		{AE9241BB-53FC-437A-B0BC-F98F860969D2}.Release|Any CPU.Build.0 = Release|Any CPU
		{3AADC65D-68DA-4217-A550-06959A7A8401}.Debug|Any CPU.ActiveCfg = Debug|Any CPU
		{3AADC65D-68DA-4217-A550-06959A7A8401}.Debug|Any CPU.Build.0 = Debug|Any CPU
		{3AADC65D-68DA-4217-A550-06959A7A8401}.Release|Any CPU.ActiveCfg = Release|Any CPU
		{3AADC65D-68DA-4217-A550-06959A7A8401}.Release|Any CPU.Build.0 = Release|Any CPU
		{F3BC4674-AB42-45F0-B2A8-CA88C55127FF}.Debug|Any CPU.ActiveCfg = Debug|Any CPU
		{F3BC4674-AB42-45F0-B2A8-CA88C55127FF}.Debug|Any CPU.Build.0 = Debug|Any CPU
		{F3BC4674-AB42-45F0-B2A8-CA88C55127FF}.Release|Any CPU.ActiveCfg = Release|Any CPU
		{F3BC4674-AB42-45F0-B2A8-CA88C55127FF}.Release|Any CPU.Build.0 = Release|Any CPU
		{DCE41366-AA3E-46DE-93A5-6FAF904B6410}.Debug|Any CPU.ActiveCfg = Debug|Any CPU
		{DCE41366-AA3E-46DE-93A5-6FAF904B6410}.Debug|Any CPU.Build.0 = Debug|Any CPU
		{DCE41366-AA3E-46DE-93A5-6FAF904B6410}.Release|Any CPU.ActiveCfg = Release|Any CPU
		{DCE41366-AA3E-46DE-93A5-6FAF904B6410}.Release|Any CPU.Build.0 = Release|Any CPU
		{C30CEB26-2548-4E35-B82C-6265A3209183}.Debug|Any CPU.ActiveCfg = Debug|Any CPU
		{C30CEB26-2548-4E35-B82C-6265A3209183}.Debug|Any CPU.Build.0 = Debug|Any CPU
		{C30CEB26-2548-4E35-B82C-6265A3209183}.Release|Any CPU.ActiveCfg = Release|Any CPU
		{C30CEB26-2548-4E35-B82C-6265A3209183}.Release|Any CPU.Build.0 = Release|Any CPU
		{889D9159-FEC7-46D6-B9D1-387FC3A3C156}.Debug|Any CPU.ActiveCfg = Debug|Any CPU
		{889D9159-FEC7-46D6-B9D1-387FC3A3C156}.Debug|Any CPU.Build.0 = Debug|Any CPU
		{889D9159-FEC7-46D6-B9D1-387FC3A3C156}.Release|Any CPU.ActiveCfg = Release|Any CPU
		{889D9159-FEC7-46D6-B9D1-387FC3A3C156}.Release|Any CPU.Build.0 = Release|Any CPU
		{CB1046A0-2D68-4E43-9C79-A6280EF66C80}.Debug|Any CPU.ActiveCfg = Debug|Any CPU
		{CB1046A0-2D68-4E43-9C79-A6280EF66C80}.Debug|Any CPU.Build.0 = Debug|Any CPU
		{CB1046A0-2D68-4E43-9C79-A6280EF66C80}.Release|Any CPU.ActiveCfg = Release|Any CPU
		{CB1046A0-2D68-4E43-9C79-A6280EF66C80}.Release|Any CPU.Build.0 = Release|Any CPU
		{09336B35-4EF7-4B85-AD0B-413CE6DCFEB9}.Debug|Any CPU.ActiveCfg = Debug|Any CPU
		{09336B35-4EF7-4B85-AD0B-413CE6DCFEB9}.Debug|Any CPU.Build.0 = Debug|Any CPU
		{09336B35-4EF7-4B85-AD0B-413CE6DCFEB9}.Release|Any CPU.ActiveCfg = Release|Any CPU
		{09336B35-4EF7-4B85-AD0B-413CE6DCFEB9}.Release|Any CPU.Build.0 = Release|Any CPU
		{98F6A1F7-BA20-4131-8C49-3D9C46831246}.Debug|Any CPU.ActiveCfg = Debug|Any CPU
		{98F6A1F7-BA20-4131-8C49-3D9C46831246}.Debug|Any CPU.Build.0 = Debug|Any CPU
		{98F6A1F7-BA20-4131-8C49-3D9C46831246}.Release|Any CPU.ActiveCfg = Release|Any CPU
		{98F6A1F7-BA20-4131-8C49-3D9C46831246}.Release|Any CPU.Build.0 = Release|Any CPU
		{7D2B251B-B970-41F9-9855-1777BAE1B25B}.Debug|Any CPU.ActiveCfg = Debug|Any CPU
		{7D2B251B-B970-41F9-9855-1777BAE1B25B}.Debug|Any CPU.Build.0 = Debug|Any CPU
		{7D2B251B-B970-41F9-9855-1777BAE1B25B}.Release|Any CPU.ActiveCfg = Release|Any CPU
		{7D2B251B-B970-41F9-9855-1777BAE1B25B}.Release|Any CPU.Build.0 = Release|Any CPU
		{F025FE31-E99A-415F-8A0B-0CAD0420090E}.Debug|Any CPU.ActiveCfg = Debug|Any CPU
		{F025FE31-E99A-415F-8A0B-0CAD0420090E}.Debug|Any CPU.Build.0 = Debug|Any CPU
		{F025FE31-E99A-415F-8A0B-0CAD0420090E}.Release|Any CPU.ActiveCfg = Release|Any CPU
		{F025FE31-E99A-415F-8A0B-0CAD0420090E}.Release|Any CPU.Build.0 = Release|Any CPU
	EndGlobalSection
	GlobalSection(SolutionProperties) = preSolution
		HideSolutionNode = FALSE
	EndGlobalSection
	GlobalSection(NestedProjects) = preSolution
		{0B9052DD-55A1-4016-8F34-411B9A692A06} = {02EA681E-C7D8-13C7-8484-4AC65E1B71E8}
		{F49E6161-CE93-4F99-B454-F07262789EFC} = {1FC130D0-28EB-44D3-B318-F257C71B875A}
		{E57F2E23-447F-422B-BBA2-DFFDABCCB459} = {DAA229CA-71D9-4FB6-8FC6-87BB98C83B81}
		{30594ACF-AD42-4467-A9CB-7C7528E64C60} = {DAA229CA-71D9-4FB6-8FC6-87BB98C83B81}
		{64496ED8-EF7E-4578-974A-42AE3E4AA07F} = {DAA229CA-71D9-4FB6-8FC6-87BB98C83B81}
		{A76867E5-BB44-4F27-B71E-B9445B320143} = {386BF304-F1A5-4FE5-914B-250E1BB1E5D9}
		{7D706A9B-E34E-4B32-8099-766CCEB90A34} = {386BF304-F1A5-4FE5-914B-250E1BB1E5D9}
		{D7943C92-C6A9-48FC-AD1F-19AB6747E6A5} = {386BF304-F1A5-4FE5-914B-250E1BB1E5D9}
		{50C99A1D-6442-493F-A1D0-54EA5B0FBBF8} = {4F670C88-2373-470E-BA26-2D4AF271221F}
		{AE9241BB-53FC-437A-B0BC-F98F860969D2} = {4F670C88-2373-470E-BA26-2D4AF271221F}
		{3AADC65D-68DA-4217-A550-06959A7A8401} = {4F670C88-2373-470E-BA26-2D4AF271221F}
		{F3BC4674-AB42-45F0-B2A8-CA88C55127FF} = {FF36EEDC-3520-495D-97A1-FACC539B83D0}
		{DCE41366-AA3E-46DE-93A5-6FAF904B6410} = {FF36EEDC-3520-495D-97A1-FACC539B83D0}
		{C30CEB26-2548-4E35-B82C-6265A3209183} = {FF36EEDC-3520-495D-97A1-FACC539B83D0}
		{889D9159-FEC7-46D6-B9D1-387FC3A3C156} = {ADA19C36-3C40-4C8E-8335-455CB080D2EE}
		{CB1046A0-2D68-4E43-9C79-A6280EF66C80} = {ADA19C36-3C40-4C8E-8335-455CB080D2EE}
		{09336B35-4EF7-4B85-AD0B-413CE6DCFEB9} = {ADA19C36-3C40-4C8E-8335-455CB080D2EE}
		{98F6A1F7-BA20-4131-8C49-3D9C46831246} = {CF1CD651-578D-44B4-BA85-5A992756B5E9}
		{7D2B251B-B970-41F9-9855-1777BAE1B25B} = {CF1CD651-578D-44B4-BA85-5A992756B5E9}
		{F025FE31-E99A-415F-8A0B-0CAD0420090E} = {CF1CD651-578D-44B4-BA85-5A992756B5E9}
	EndGlobalSection
	GlobalSection(ExtensibilityGlobals) = postSolution
		SolutionGuid = {50C5337D-A7C9-4A72-8C3C-3DDBC5284DE7}
	EndGlobalSection
EndGlobal
