
Microsoft Visual Studio Solution File, Format Version 12.00
# Visual Studio Version 17
VisualStudioVersion = 17.14.36429.23
MinimumVisualStudioVersion = 10.0.40219.1
Project("{2150E333-8FDC-42A3-9474-1A3956D46DE8}") = "Task0", "Task0", "{02EA681E-C7D8-13C7-8484-4AC65E1B71E8}"
EndProject
Project("{FAE04EC0-301F-11D3-BF4B-00C04F79EFBC}") = "Tyuiu.Muliavin.Sprint0.Task0.V0", "Tyuiu.Muliavin.Sprint0.Task0.V0\Tyuiu.Muliavin.Sprint0.Task0.V0.csproj", "{0B9052DD-55A1-4016-8F34-411B9A692A06}"
EndProject
Project("{2150E333-8FDC-42A3-9474-1A3956D46DE8}") = "Task1", "Task1", "{1FC130D0-28EB-44D3-B318-F257C71B875A}"
EndProject
Project("{FAE04EC0-301F-11D3-BF4B-00C04F79EFBC}") = "Tyuiu.MuliavinIM.Sprint0.Task1.V0", "Tyuiu.Muliavin.Sprint0.Task1.V0\Tyuiu.MuliavinIM.Sprint0.Task1.V0.csproj", "{F49E6161-CE93-4F99-B454-F07262789EFC}"
EndProject
Project("{2150E333-8FDC-42A3-9474-1A3956D46DE8}") = "Task2", "Task2", "{DAA229CA-71D9-4FB6-8FC6-87BB98C83B81}"
EndProject
Project("{FAE04EC0-301F-11D3-BF4B-00C04F79EFBC}") = "Tyuiu.MuliavinIM.Sprint0.Task2.V0", "Tyuiu.MuliavinIM.Sprint0.Task2.V0\Tyuiu.MuliavinIM.Sprint0.Task2.V0.csproj", "{E57F2E23-447F-422B-BBA2-DFFDABCCB459}"
EndProject
Project("{FAE04EC0-301F-11D3-BF4B-00C04F79EFBC}") = "Tyuiu.MuliavinIM.Sprint0.Task2.V0.Lib", "Tyuiu.MuliavinIM.Sprint0.Task2.V0.Lib\Tyuiu.MuliavinIM.Sprint0.Task2.V0.Lib.csproj", "{30594ACF-AD42-4467-A9CB-7C7528E64C60}"
EndProject
Project("{FAE04EC0-301F-11D3-BF4B-00C04F79EFBC}") = "Tyuiu.MuliavinIM.Sprint0.Task2.V0.Test", "Tyuiu.MuliavinIM.Sprint0.Task2.V0.Test\Tyuiu.MuliavinIM.Sprint0.Task2.V0.Test.csproj", "{64496ED8-EF7E-4578-974A-42AE3E4AA07F}"
EndProject
Project("{2150E333-8FDC-42A3-9474-1A3956D46DE8}") = "Task3", "Task3", "{386BF304-F1A5-4FE5-914B-250E1BB1E5D9}"
EndProject
Project("{FAE04EC0-301F-11D3-BF4B-00C04F79EFBC}") = "Tyuiu.MuliavinIM.Sprint0.Task3.V0", "Tyuiu.MuliavinIM.Sprint0.Task3.V0\Tyuiu.MuliavinIM.Sprint0.Task3.V0.csproj", "{A76867E5-BB44-4F27-B71E-B9445B320143}"
EndProject
Project("{FAE04EC0-301F-11D3-BF4B-00C04F79EFBC}") = "Tyuiu.MuliavinIM.Sprint0.Task3.V0.Lib", "Tyuiu.MuliavinIM.Sprint0.Task3.V0.Lib\Tyuiu.MuliavinIM.Sprint0.Task3.V0.Lib.csproj", "{7D706A9B-E34E-4B32-8099-766CCEB90A34}"
EndProject
Project("{FAE04EC0-301F-11D3-BF4B-00C04F79EFBC}") = "Tyuiu.MuliavinIM.Sprint0.Task3.V0.Test", "Tyuiu.MuliavinIM.Sprint0.Task3.V0.Test\Tyuiu.MuliavinIM.Sprint0.Task3.V0.Test.csproj", "{D7943C92-C6A9-48FC-AD1F-19AB6747E6A5}"
EndProject
Global
	GlobalSection(SolutionConfigurationPlatforms) = preSolution
		Debug|Any CPU = Debug|Any CPU
		Release|Any CPU = Release|Any CPU
	EndGlobalSection
	GlobalSection(ProjectConfigurationPlatforms) = postSolution
		{0B9052DD-55A1-4016-8F34-411B9A692A06}.Debug|Any CPU.ActiveCfg = Debug|Any CPU
		{0B9052DD-55A1-4016-8F34-411B9A692A06}.Debug|Any CPU.Build.0 = Debug|Any CPU
		{0B9052DD-55A1-4016-8F34-411B9A692A06}.Release|Any CPU.ActiveCfg = Release|Any CPU
		{0B9052DD-55A1-4016-8F34-411B9A692A06}.Release|Any CPU.Build.0 = Release|Any CPU
		{F49E6161-CE93-4F99-B454-F07262789EFC}.Debug|Any CPU.ActiveCfg = Debug|Any CPU
		{F49E6161-CE93-4F99-B454-F07262789EFC}.Debug|Any CPU.Build.0 = Debug|Any CPU
		{F49E6161-CE93-4F99-B454-F07262789EFC}.Release|Any CPU.ActiveCfg = Release|Any CPU
		{F49E6161-CE93-4F99-B454-F07262789EFC}.Release|Any CPU.Build.0 = Release|Any CPU
		{E57F2E23-447F-422B-BBA2-DFFDABCCB459}.Debug|Any CPU.ActiveCfg = Debug|Any CPU
		{E57F2E23-447F-422B-BBA2-DFFDABCCB459}.Debug|Any CPU.Build.0 = Debug|Any CPU
		{E57F2E23-447F-422B-BBA2-DFFDABCCB459}.Release|Any CPU.ActiveCfg = Release|Any CPU
		{E57F2E23-447F-422B-BBA2-DFFDABCCB459}.Release|Any CPU.Build.0 = Release|Any CPU
		{30594ACF-AD42-4467-A9CB-7C7528E64C60}.Debug|Any CPU.ActiveCfg = Debug|Any CPU
		{30594ACF-AD42-4467-A9CB-7C7528E64C60}.Debug|Any CPU.Build.0 = Debug|Any CPU
		{30594ACF-AD42-4467-A9CB-7C7528E64C60}.Release|Any CPU.ActiveCfg = Release|Any CPU
		{30594ACF-AD42-4467-A9CB-7C7528E64C60}.Release|Any CPU.Build.0 = Release|Any CPU
		{64496ED8-EF7E-4578-974A-42AE3E4AA07F}.Debug|Any CPU.ActiveCfg = Debug|Any CPU
		{64496ED8-EF7E-4578-974A-42AE3E4AA07F}.Debug|Any CPU.Build.0 = Debug|Any CPU
		{64496ED8-EF7E-4578-974A-42AE3E4AA07F}.Release|Any CPU.ActiveCfg = Release|Any CPU
		{64496ED8-EF7E-4578-974A-42AE3E4AA07F}.Release|Any CPU.Build.0 = Release|Any CPU
		{A76867E5-BB44-4F27-B71E-B9445B320143}.Debug|Any CPU.ActiveCfg = Debug|Any CPU
		{A76867E5-BB44-4F27-B71E-B9445B320143}.Debug|Any CPU.Build.0 = Debug|Any CPU
		{A76867E5-BB44-4F27-B71E-B9445B320143}.Release|Any CPU.ActiveCfg = Release|Any CPU
		{A76867E5-BB44-4F27-B71E-B9445B320143}.Release|Any CPU.Build.0 = Release|Any CPU
		{7D706A9B-E34E-4B32-8099-766CCEB90A34}.Debug|Any CPU.ActiveCfg = Debug|Any CPU
		{7D706A9B-E34E-4B32-8099-766CCEB90A34}.Debug|Any CPU.Build.0 = Debug|Any CPU
		{7D706A9B-E34E-4B32-8099-766CCEB90A34}.Release|Any CPU.ActiveCfg = Release|Any CPU
		{7D706A9B-E34E-4B32-8099-766CCEB90A34}.Release|Any CPU.Build.0 = Release|Any CPU
		{D7943C92-C6A9-48FC-AD1F-19AB6747E6A5}.Debug|Any CPU.ActiveCfg = Debug|Any CPU
		{D7943C92-C6A9-48FC-AD1F-19AB6747E6A5}.Debug|Any CPU.Build.0 = Debug|Any CPU
		{D7943C92-C6A9-48FC-AD1F-19AB6747E6A5}.Release|Any CPU.ActiveCfg = Release|Any CPU
		{D7943C92-C6A9-48FC-AD1F-19AB6747E6A5}.Release|Any CPU.Build.0 = Release|Any CPU
	EndGlobalSection
	GlobalSection(SolutionProperties) = preSolution
		HideSolutionNode = FALSE
	EndGlobalSection
	GlobalSection(NestedProjects) = preSolution
		{0B9052DD-55A1-4016-8F34-411B9A692A06} = {02EA681E-C7D8-13C7-8484-4AC65E1B71E8}
		{F49E6161-CE93-4F99-B454-F07262789EFC} = {1FC130D0-28EB-44D3-B318-F257C71B875A}
		{E57F2E23-447F-422B-BBA2-DFFDABCCB459} = {DAA229CA-71D9-4FB6-8FC6-87BB98C83B81}
		{30594ACF-AD42-4467-A9CB-7C7528E64C60} = {DAA229CA-71D9-4FB6-8FC6-87BB98C83B81}
		{64496ED8-EF7E-4578-974A-42AE3E4AA07F} = {DAA229CA-71D9-4FB6-8FC6-87BB98C83B81}
		{A76867E5-BB44-4F27-B71E-B9445B320143} = {386BF304-F1A5-4FE5-914B-250E1BB1E5D9}
		{7D706A9B-E34E-4B32-8099-766CCEB90A34} = {386BF304-F1A5-4FE5-914B-250E1BB1E5D9}
		{D7943C92-C6A9-48FC-AD1F-19AB6747E6A5} = {386BF304-F1A5-4FE5-914B-250E1BB1E5D9}
	EndGlobalSection
	GlobalSection(ExtensibilityGlobals) = postSolution
		SolutionGuid = {50C5337D-A7C9-4A72-8C3C-3DDBC5284DE7}
	EndGlobalSection
EndGlobal
