
Microsoft Visual Studio Solution File, Format Version 12.00
# Visual Studio Version 17
VisualStudioVersion = 17.14.36429.23
MinimumVisualStudioVersion = 10.0.40219.1
Project("{2150E333-8FDC-42A3-9474-1A3956D46DE8}") = "Task0", "Task0", "{02EA681E-C7D8-13C7-8484-4AC65E1B71E8}"
EndProject
Project("{FAE04EC0-301F-11D3-BF4B-00C04F79EFBC}") = "Tyuiu.Muliavin.Sprint0.Task0.V0", "Tyuiu.Muliavin.Sprint0.Task0.V0\Tyuiu.Muliavin.Sprint0.Task0.V0.csproj", "{0B9052DD-55A1-4016-8F34-411B9A692A06}"
EndProject
Project("{2150E333-8FDC-42A3-9474-1A3956D46DE8}") = "Task1", "Task1", "{1FC130D0-28EB-44D3-B318-F257C71B875A}"
EndProject
Project("{FAE04EC0-301F-11D3-BF4B-00C04F79EFBC}") = "Tyuiu.Muliavin.Sprint0.Task1.V0", "Tyuiu.Muliavin.Sprint0.Task1.V0\Tyuiu.Muliavin.Sprint0.Task1.V0.csproj", "{F49E6161-CE93-4F99-B454-F07262789EFC}"
EndProject
Global
	GlobalSection(SolutionConfigurationPlatforms) = preSolution
		Debug|Any CPU = Debug|Any CPU
		Release|Any CPU = Release|Any CPU
	EndGlobalSection
	GlobalSection(ProjectConfigurationPlatforms) = postSolution
		{0B9052DD-55A1-4016-8F34-411B9A692A06}.Debug|Any CPU.ActiveCfg = Debug|Any CPU
		{0B9052DD-55A1-4016-8F34-411B9A692A06}.Debug|Any CPU.Build.0 = Debug|Any CPU
		{0B9052DD-55A1-4016-8F34-411B9A692A06}.Release|Any CPU.ActiveCfg = Release|Any CPU
		{0B9052DD-55A1-4016-8F34-411B9A692A06}.Release|Any CPU.Build.0 = Release|Any CPU
		{F49E6161-CE93-4F99-B454-F07262789EFC}.Debug|Any CPU.ActiveCfg = Debug|Any CPU
		{F49E6161-CE93-4F99-B454-F07262789EFC}.Debug|Any CPU.Build.0 = Debug|Any CPU
		{F49E6161-CE93-4F99-B454-F07262789EFC}.Release|Any CPU.ActiveCfg = Release|Any CPU
		{F49E6161-CE93-4F99-B454-F07262789EFC}.Release|Any CPU.Build.0 = Release|Any CPU
	EndGlobalSection
	GlobalSection(SolutionProperties) = preSolution
		HideSolutionNode = FALSE
	EndGlobalSection
	GlobalSection(NestedProjects) = preSolution
		{0B9052DD-55A1-4016-8F34-411B9A692A06} = {02EA681E-C7D8-13C7-8484-4AC65E1B71E8}
		{F49E6161-CE93-4F99-B454-F07262789EFC} = {1FC130D0-28EB-44D3-B318-F257C71B875A}
	EndGlobalSection
	GlobalSection(ExtensibilityGlobals) = postSolution
		SolutionGuid = {50C5337D-A7C9-4A72-8C3C-3DDBC5284DE7}
	EndGlobalSection
EndGlobal
